// !$*UTF8*$!
{
	archiveVersion = 1;
	classes = {
	};
	objectVersion = 46;
	objects = {

/* Begin PBXBuildFile section */
		3F4C8B071A153FB80085235F /* AppDelegate.swift in Sources */ = {isa = PBXBuildFile; fileRef = 3F4C8B061A153FB80085235F /* AppDelegate.swift */; };
		3F4C8B091A153FB80085235F /* ViewController.swift in Sources */ = {isa = PBXBuildFile; fileRef = 3F4C8B081A153FB80085235F /* ViewController.swift */; };
		3F4C8B0C1A153FB80085235F /* Main.storyboard in Resources */ = {isa = PBXBuildFile; fileRef = 3F4C8B0A1A153FB80085235F /* Main.storyboard */; };
		3F4C8B0E1A153FB80085235F /* Images.xcassets in Resources */ = {isa = PBXBuildFile; fileRef = 3F4C8B0D1A153FB80085235F /* Images.xcassets */; };
		3F4C8B111A153FB80085235F /* LaunchScreen.xib in Resources */ = {isa = PBXBuildFile; fileRef = 3F4C8B0F1A153FB80085235F /* LaunchScreen.xib */; };
		3F4C8B1D1A153FB80085235F /* yahoo_ios_sdkTests.swift in Sources */ = {isa = PBXBuildFile; fileRef = 3F4C8B1C1A153FB80085235F /* yahoo_ios_sdkTests.swift */; };
/* End PBXBuildFile section */

/* Begin PBXContainerItemProxy section */
		3F4C8B171A153FB80085235F /* PBXContainerItemProxy */ = {
			isa = PBXContainerItemProxy;
			containerPortal = 3F4C8AF91A153FB80085235F /* Project object */;
			proxyType = 1;
			remoteGlobalIDString = 3F4C8B001A153FB80085235F;
			remoteInfo = "yahoo-ios-sdk";
		};
/* End PBXContainerItemProxy section */

/* Begin PBXFileReference section */
		3F4C8B011A153FB80085235F /* yahoo-ios-sdk.app */ = {isa = PBXFileReference; explicitFileType = wrapper.application; includeInIndex = 0; path = "yahoo-ios-sdk.app"; sourceTree = BUILT_PRODUCTS_DIR; };
		3F4C8B051A153FB80085235F /* Info.plist */ = {isa = PBXFileReference; lastKnownFileType = text.plist.xml; path = Info.plist; sourceTree = "<group>"; };
		3F4C8B061A153FB80085235F /* AppDelegate.swift */ = {isa = PBXFileReference; lastKnownFileType = sourcecode.swift; path = AppDelegate.swift; sourceTree = "<group>"; };
		3F4C8B081A153FB80085235F /* ViewController.swift */ = {isa = PBXFileReference; lastKnownFileType = sourcecode.swift; path = ViewController.swift; sourceTree = "<group>"; };
		3F4C8B0B1A153FB80085235F /* Base */ = {isa = PBXFileReference; lastKnownFileType = file.storyboard; name = Base; path = Base.lproj/Main.storyboard; sourceTree = "<group>"; };
		3F4C8B0D1A153FB80085235F /* Images.xcassets */ = {isa = PBXFileReference; lastKnownFileType = folder.assetcatalog; path = Images.xcassets; sourceTree = "<group>"; };
		3F4C8B101A153FB80085235F /* Base */ = {isa = PBXFileReference; lastKnownFileType = file.xib; name = Base; path = Base.lproj/LaunchScreen.xib; sourceTree = "<group>"; };
		3F4C8B161A153FB80085235F /* yahoo-ios-sdkTests.xctest */ = {isa = PBXFileReference; explicitFileType = wrapper.cfbundle; includeInIndex = 0; path = "yahoo-ios-sdkTests.xctest"; sourceTree = BUILT_PRODUCTS_DIR; };
		3F4C8B1B1A153FB80085235F /* Info.plist */ = {isa = PBXFileReference; lastKnownFileType = text.plist.xml; path = Info.plist; sourceTree = "<group>"; };
		3F4C8B1C1A153FB80085235F /* yahoo_ios_sdkTests.swift */ = {isa = PBXFileReference; lastKnownFileType = sourcecode.swift; path = yahoo_ios_sdkTests.swift; sourceTree = "<group>"; };
/* End PBXFileReference section */

/* Begin PBXFrameworksBuildPhase section */
		3F4C8AFE1A153FB80085235F /* Frameworks */ = {
			isa = PBXFrameworksBuildPhase;
			buildActionMask = 2147483647;
			files = (
			);
			runOnlyForDeploymentPostprocessing = 0;
		};
		3F4C8B131A153FB80085235F /* Frameworks */ = {
			isa = PBXFrameworksBuildPhase;
			buildActionMask = 2147483647;
			files = (
			);
			runOnlyForDeploymentPostprocessing = 0;
		};
/* End PBXFrameworksBuildPhase section */

/* Begin PBXGroup section */
		3F4C8AF81A153FB80085235F = {
			isa = PBXGroup;
			children = (
				3F4C8B031A153FB80085235F /* yahoo-ios-sdk */,
				3F4C8B191A153FB80085235F /* yahoo-ios-sdkTests */,
				3F4C8B021A153FB80085235F /* Products */,
			);
			sourceTree = "<group>";
		};
		3F4C8B021A153FB80085235F /* Products */ = {
			isa = PBXGroup;
			children = (
				3F4C8B011A153FB80085235F /* yahoo-ios-sdk.app */,
				3F4C8B161A153FB80085235F /* yahoo-ios-sdkTests.xctest */,
			);
			name = Products;
			sourceTree = "<group>";
		};
		3F4C8B031A153FB80085235F /* yahoo-ios-sdk */ = {
			isa = PBXGroup;
			children = (
				3F4C8B061A153FB80085235F /* AppDelegate.swift */,
				3F4C8B081A153FB80085235F /* ViewController.swift */,
				3F4C8B0A1A153FB80085235F /* Main.storyboard */,
				3F4C8B0D1A153FB80085235F /* Images.xcassets */,
				3F4C8B0F1A153FB80085235F /* LaunchScreen.xib */,
				3F4C8B041A153FB80085235F /* Supporting Files */,
			);
			path = "yahoo-ios-sdk";
			sourceTree = "<group>";
		};
		3F4C8B041A153FB80085235F /* Supporting Files */ = {
			isa = PBXGroup;
			children = (
				3F4C8B051A153FB80085235F /* Info.plist */,
			);
			name = "Supporting Files";
			sourceTree = "<group>";
		};
		3F4C8B191A153FB80085235F /* yahoo-ios-sdkTests */ = {
			isa = PBXGroup;
			children = (
				3F4C8B1C1A153FB80085235F /* yahoo_ios_sdkTests.swift */,
				3F4C8B1A1A153FB80085235F /* Supporting Files */,
			);
			path = "yahoo-ios-sdkTests";
			sourceTree = "<group>";
		};
		3F4C8B1A1A153FB80085235F /* Supporting Files */ = {
			isa = PBXGroup;
			children = (
				3F4C8B1B1A153FB80085235F /* Info.plist */,
			);
			name = "Supporting Files";
			sourceTree = "<group>";
		};
/* End PBXGroup section */

/* Begin PBXNativeTarget section */
		3F4C8B001A153FB80085235F /* yahoo-ios-sdk */ = {
			isa = PBXNativeTarget;
			buildConfigurationList = 3F4C8B201A153FB80085235F /* Build configuration list for PBXNativeTarget "yahoo-ios-sdk" */;
			buildPhases = (
				3F4C8AFD1A153FB80085235F /* Sources */,
				3F4C8AFE1A153FB80085235F /* Frameworks */,
				3F4C8AFF1A153FB80085235F /* Resources */,
			);
			buildRules = (
			);
			dependencies = (
			);
			name = "yahoo-ios-sdk";
			productName = "yahoo-ios-sdk";
			productReference = 3F4C8B011A153FB80085235F /* yahoo-ios-sdk.app */;
			productType = "com.apple.product-type.application";
		};
		3F4C8B151A153FB80085235F /* yahoo-ios-sdkTests */ = {
			isa = PBXNativeTarget;
			buildConfigurationList = 3F4C8B231A153FB80085235F /* Build configuration list for PBXNativeTarget "yahoo-ios-sdkTests" */;
			buildPhases = (
				3F4C8B121A153FB80085235F /* Sources */,
				3F4C8B131A153FB80085235F /* Frameworks */,
				3F4C8B141A153FB80085235F /* Resources */,
			);
			buildRules = (
			);
			dependencies = (
				3F4C8B181A153FB80085235F /* PBXTargetDependency */,
			);
			name = "yahoo-ios-sdkTests";
			productName = "yahoo-ios-sdkTests";
			productReference = 3F4C8B161A153FB80085235F /* yahoo-ios-sdkTests.xctest */;
			productType = "com.apple.product-type.bundle.unit-test";
		};
/* End PBXNativeTarget section */

/* Begin PBXProject section */
		3F4C8AF91A153FB80085235F /* Project object */ = {
			isa = PBXProject;
			attributes = {
				LastUpgradeCheck = 0600;
				ORGANIZATIONNAME = "Sahat Yalkabov";
				TargetAttributes = {
					3F4C8B001A153FB80085235F = {
						CreatedOnToolsVersion = 6.0.1;
					};
					3F4C8B151A153FB80085235F = {
						CreatedOnToolsVersion = 6.0.1;
						TestTargetID = 3F4C8B001A153FB80085235F;
					};
				};
			};
			buildConfigurationList = 3F4C8AFC1A153FB80085235F /* Build configuration list for PBXProject "yahoo-ios-sdk" */;
			compatibilityVersion = "Xcode 3.2";
			developmentRegion = English;
			hasScannedForEncodings = 0;
			knownRegions = (
				en,
				Base,
			);
			mainGroup = 3F4C8AF81A153FB80085235F;
			productRefGroup = 3F4C8B021A153FB80085235F /* Products */;
			projectDirPath = "";
			projectRoot = "";
			targets = (
				3F4C8B001A153FB80085235F /* yahoo-ios-sdk */,
				3F4C8B151A153FB80085235F /* yahoo-ios-sdkTests */,
			);
		};
/* End PBXProject section */

/* Begin PBXResourcesBuildPhase section */
		3F4C8AFF1A153FB80085235F /* Resources */ = {
			isa = PBXResourcesBuildPhase;
			buildActionMask = 2147483647;
			files = (
				3F4C8B0C1A153FB80085235F /* Main.storyboard in Resources */,
				3F4C8B111A153FB80085235F /* LaunchScreen.xib in Resources */,
				3F4C8B0E1A153FB80085235F /* Images.xcassets in Resources */,
			);
			runOnlyForDeploymentPostprocessing = 0;
		};
		3F4C8B141A153FB80085235F /* Resources */ = {
			isa = PBXResourcesBuildPhase;
			buildActionMask = 2147483647;
			files = (
			);
			runOnlyForDeploymentPostprocessing = 0;
		};
/* End PBXResourcesBuildPhase section */

/* Begin PBXSourcesBuildPhase section */
		3F4C8AFD1A153FB80085235F /* Sources */ = {
			isa = PBXSourcesBuildPhase;
			buildActionMask = 2147483647;
			files = (
				3F4C8B091A153FB80085235F /* ViewController.swift in Sources */,
				3F4C8B071A153FB80085235F /* AppDelegate.swift in Sources */,
			);
			runOnlyForDeploymentPostprocessing = 0;
		};
		3F4C8B121A153FB80085235F /* Sources */ = {
			isa = PBXSourcesBuildPhase;
			buildActionMask = 2147483647;
			files = (
				3F4C8B1D1A153FB80085235F /* yahoo_ios_sdkTests.swift in Sources */,
			);
			runOnlyForDeploymentPostprocessing = 0;
		};
/* End PBXSourcesBuildPhase section */

/* Begin PBXTargetDependency section */
		3F4C8B181A153FB80085235F /* PBXTargetDependency */ = {
			isa = PBXTargetDependency;
			target = 3F4C8B001A153FB80085235F /* yahoo-ios-sdk */;
			targetProxy = 3F4C8B171A153FB80085235F /* PBXContainerItemProxy */;
		};
/* End PBXTargetDependency section */

/* Begin PBXVariantGroup section */
		3F4C8B0A1A153FB80085235F /* Main.storyboard */ = {
			isa = PBXVariantGroup;
			children = (
				3F4C8B0B1A153FB80085235F /* Base */,
			);
			name = Main.storyboard;
			sourceTree = "<group>";
		};
		3F4C8B0F1A153FB80085235F /* LaunchScreen.xib */ = {
			isa = PBXVariantGroup;
			children = (
				3F4C8B101A153FB80085235F /* Base */,
			);
			name = LaunchScreen.xib;
			sourceTree = "<group>";
		};
/* End PBXVariantGroup section */

/* Begin XCBuildConfiguration section */
		3F4C8B1E1A153FB80085235F /* Debug */ = {
			isa = XCBuildConfiguration;
			buildSettings = {
				ALWAYS_SEARCH_USER_PATHS = NO;
				CLANG_CXX_LANGUAGE_STANDARD = "gnu++0x";
				CLANG_CXX_LIBRARY = "libc++";
				CLANG_ENABLE_MODULES = YES;
				CLANG_ENABLE_OBJC_ARC = YES;
				CLANG_WARN_BOOL_CONVERSION = YES;
				CLANG_WARN_CONSTANT_CONVERSION = YES;
				CLANG_WARN_DIRECT_OBJC_ISA_USAGE = YES_ERROR;
				CLANG_WARN_EMPTY_BODY = YES;
				CLANG_WARN_ENUM_CONVERSION = YES;
				CLANG_WARN_INT_CONVERSION = YES;
				CLANG_WARN_OBJC_ROOT_CLASS = YES_ERROR;
				CLANG_WARN_UNREACHABLE_CODE = YES;
				CLANG_WARN__DUPLICATE_METHOD_MATCH = YES;
				"CODE_SIGN_IDENTITY[sdk=iphoneos*]" = "iPhone Developer";
				COPY_PHASE_STRIP = NO;
				ENABLE_STRICT_OBJC_MSGSEND = YES;
				GCC_C_LANGUAGE_STANDARD = gnu99;
				GCC_DYNAMIC_NO_PIC = NO;
				GCC_OPTIMIZATION_LEVEL = 0;
				GCC_PREPROCESSOR_DEFINITIONS = (
					"DEBUG=1",
					"$(inherited)",
				);
				GCC_SYMBOLS_PRIVATE_EXTERN = NO;
				GCC_WARN_64_TO_32_BIT_CONVERSION = YES;
				GCC_WARN_ABOUT_RETURN_TYPE = YES_ERROR;
				GCC_WARN_UNDECLARED_SELECTOR = YES;
				GCC_WARN_UNINITIALIZED_AUTOS = YES_AGGRESSIVE;
				GCC_WARN_UNUSED_FUNCTION = YES;
				GCC_WARN_UNUSED_VARIABLE = YES;
				IPHONEOS_DEPLOYMENT_TARGET = 8.0;
				MTL_ENABLE_DEBUG_INFO = YES;
				ONLY_ACTIVE_ARCH = YES;
				SDKROOT = iphoneos;
				SWIFT_OPTIMIZATION_LEVEL = "-Onone";
				TARGETED_DEVICE_FAMILY = "1,2";
			};
			name = Debug;
		};
		3F4C8B1F1A153FB80085235F /* Release */ = {
			isa = XCBuildConfiguration;
			buildSettings = {
				ALWAYS_SEARCH_USER_PATHS = NO;
				CLANG_CXX_LANGUAGE_STANDARD = "gnu++0x";
				CLANG_CXX_LIBRARY = "libc++";
				CLANG_ENABLE_MODULES = YES;
				CLANG_ENABLE_OBJC_ARC = YES;
				CLANG_WARN_BOOL_CONVERSION = YES;
				CLANG_WARN_CONSTANT_CONVERSION = YES;
				CLANG_WARN_DIRECT_OBJC_ISA_USAGE = YES_ERROR;
				CLANG_WARN_EMPTY_BODY = YES;
				CLANG_WARN_ENUM_CONVERSION = YES;
				CLANG_WARN_INT_CONVERSION = YES;
				CLANG_WARN_OBJC_ROOT_CLASS = YES_ERROR;
				CLANG_WARN_UNREACHABLE_CODE = YES;
				CLANG_WARN__DUPLICATE_METHOD_MATCH = YES;
				"CODE_SIGN_IDENTITY[sdk=iphoneos*]" = "iPhone Developer";
				COPY_PHASE_STRIP = YES;
				ENABLE_NS_ASSERTIONS = NO;
				ENABLE_STRICT_OBJC_MSGSEND = YES;
				GCC_C_LANGUAGE_STANDARD = gnu99;
				GCC_WARN_64_TO_32_BIT_CONVERSION = YES;
				GCC_WARN_ABOUT_RETURN_TYPE = YES_ERROR;
				GCC_WARN_UNDECLARED_SELECTOR = YES;
				GCC_WARN_UNINITIALIZED_AUTOS = YES_AGGRESSIVE;
				GCC_WARN_UNUSED_FUNCTION = YES;
				GCC_WARN_UNUSED_VARIABLE = YES;
				IPHONEOS_DEPLOYMENT_TARGET = 8.0;
				MTL_ENABLE_DEBUG_INFO = NO;
				SDKROOT = iphoneos;
				TARGETED_DEVICE_FAMILY = "1,2";
				VALIDATE_PRODUCT = YES;
			};
			name = Release;
		};
		3F4C8B211A153FB80085235F /* Debug */ = {
			isa = XCBuildConfiguration;
			buildSettings = {
				ASSETCATALOG_COMPILER_APPICON_NAME = AppIcon;
				INFOPLIST_FILE = "yahoo-ios-sdk/Info.plist";
				LD_RUNPATH_SEARCH_PATHS = "$(inherited) @executable_path/Frameworks";
				PRODUCT_NAME = "$(TARGET_NAME)";
			};
			name = Debug;
		};
		3F4C8B221A153FB80085235F /* Release */ = {
			isa = XCBuildConfiguration;
			buildSettings = {
				ASSETCATALOG_COMPILER_APPICON_NAME = AppIcon;
				INFOPLIST_FILE = "yahoo-ios-sdk/Info.plist";
				LD_RUNPATH_SEARCH_PATHS = "$(inherited) @executable_path/Frameworks";
				PRODUCT_NAME = "$(TARGET_NAME)";
			};
			name = Release;
		};
		3F4C8B241A153FB80085235F /* Debug */ = {
			isa = XCBuildConfiguration;
			buildSettings = {
				BUNDLE_LOADER = "$(TEST_HOST)";
				FRAMEWORK_SEARCH_PATHS = (
					"$(SDKROOT)/Developer/Library/Frameworks",
					"$(inherited)",
				);
				GCC_PREPROCESSOR_DEFINITIONS = (
					"DEBUG=1",
					"$(inherited)",
				);
				INFOPLIST_FILE = "yahoo-ios-sdkTests/Info.plist";
				LD_RUNPATH_SEARCH_PATHS = "$(inherited) @executable_path/Frameworks @loader_path/Frameworks";
				PRODUCT_NAME = "$(TARGET_NAME)";
				TEST_HOST = "$(BUILT_PRODUCTS_DIR)/yahoo-ios-sdk.app/yahoo-ios-sdk";
			};
			name = Debug;
		};
		3F4C8B251A153FB80085235F /* Release */ = {
			isa = XCBuildConfiguration;
			buildSettings = {
				BUNDLE_LOADER = "$(TEST_HOST)";
				FRAMEWORK_SEARCH_PATHS = (
					"$(SDKROOT)/Developer/Library/Frameworks",
					"$(inherited)",
				);
				INFOPLIST_FILE = "yahoo-ios-sdkTests/Info.plist";
				LD_RUNPATH_SEARCH_PATHS = "$(inherited) @executable_path/Frameworks @loader_path/Frameworks";
				PRODUCT_NAME = "$(TARGET_NAME)";
				TEST_HOST = "$(BUILT_PRODUCTS_DIR)/yahoo-ios-sdk.app/yahoo-ios-sdk";
			};
			name = Release;
		};
/* End XCBuildConfiguration section */

/* Begin XCConfigurationList section */
		3F4C8AFC1A153FB80085235F /* Build configuration list for PBXProject "yahoo-ios-sdk" */ = {
			isa = XCConfigurationList;
			buildConfigurations = (
				3F4C8B1E1A153FB80085235F /* Debug */,
				3F4C8B1F1A153FB80085235F /* Release */,
			);
			defaultConfigurationIsVisible = 0;
			defaultConfigurationName = Release;
		};
		3F4C8B201A153FB80085235F /* Build configuration list for PBXNativeTarget "yahoo-ios-sdk" */ = {
			isa = XCConfigurationList;
			buildConfigurations = (
				3F4C8B211A153FB80085235F /* Debug */,
				3F4C8B221A153FB80085235F /* Release */,
			);
			defaultConfigurationIsVisible = 0;
		};
		3F4C8B231A153FB80085235F /* Build configuration list for PBXNativeTarget "yahoo-ios-sdkTests" */ = {
			isa = XCConfigurationList;
			buildConfigurations = (
				3F4C8B241A153FB80085235F /* Debug */,
				3F4C8B251A153FB80085235F /* Release */,
			);
			defaultConfigurationIsVisible = 0;
		};
/* End XCConfigurationList section */
	};
	rootObject = 3F4C8AF91A153FB80085235F /* Project object */;
}
